PODS:
  - XVIEWLLPayManager (0.2.0)

DEPENDENCIES:
  - XVIEWLLPayManager (from `../`)

EXTERNAL SOURCES:
  XVIEWLLPayManager:
    :path: "../"

SPEC CHECKSUMS:
  XVIEWLLPayManager: 9ebc70485fd3be1c8ccc4a34e1b2d769372ccd72

PODFILE CHECKSUM: 5344370d2999f8243f1f8fd58059c3af9798c846

COCOAPODS: 1.5.3
