PODS:
  - LLMPay (4.0.0):
    - LLMPay/MPay (= 4.0.0)
  - LLMPay/Core (4.0.0)
  - LLMPay/MPay (4.0.0):
    - LLMPay/Core
  - XVIEWLLPayManager (0.2.9):
    - LLMPay

DEPENDENCIES:
  - XVIEWLLPayManager (from `../`)

SPEC REPOS:
  https://github.com/cocoapods/specs.git:
    - LLMPay

EXTERNAL SOURCES:
  XVIEWLLPayManager:
    :path: "../"

SPEC CHECKSUMS:
  LLMPay: 4d71a33b9848a59606303c34c9b16f0b45d89369
  XVIEWLLPayManager: b770d54f9458d7c7a9dfc57b20c4488106d47b68

PODFILE CHECKSUM: 5344370d2999f8243f1f8fd58059c3af9798c846

COCOAPODS: 1.5.3
